
Microsoft Visual Studio Solution File, Format Version 12.00
# Visual Studio Version 16
VisualStudioVersion = 16.0.31911.196
MinimumVisualStudioVersion = 10.0.40219.1
Project("{FAE04EC0-301F-11D3-BF4B-00C04F79EFBC}") = "PasswordGenerator", "PasswordGenerator\PasswordGenerator.csproj", "{7EBDF3A1-F7D5-4648-9AED-B40B6331AF92}"
EndProject
Project("{54435603-DBB4-11D2-8724-00A0C9A8B90C}") = "PasswordGenerator Setup", "PasswordGenerator Setup\PasswordGenerator Setup.vdproj", "{B0708499-26AB-41EE-B4C8-4D77B38180AF}"
EndProject
Global
	GlobalSection(SolutionConfigurationPlatforms) = preSolution
		Debug|Any CPU = Debug|Any CPU
		Release|Any CPU = Release|Any CPU
	EndGlobalSection
	GlobalSection(ProjectConfigurationPlatforms) = postSolution
		{7EBDF3A1-F7D5-4648-9AED-B40B6331AF92}.Debug|Any CPU.ActiveCfg = Debug|Any CPU
		{7EBDF3A1-F7D5-4648-9AED-B40B6331AF92}.Debug|Any CPU.Build.0 = Debug|Any CPU
		{7EBDF3A1-F7D5-4648-9AED-B40B6331AF92}.Release|Any CPU.ActiveCfg = Release|Any CPU
		{7EBDF3A1-F7D5-4648-9AED-B40B6331AF92}.Release|Any CPU.Build.0 = Release|Any CPU
		{B0708499-26AB-41EE-B4C8-4D77B38180AF}.Debug|Any CPU.ActiveCfg = Debug
		{B0708499-26AB-41EE-B4C8-4D77B38180AF}.Release|Any CPU.ActiveCfg = Release
	EndGlobalSection
	GlobalSection(SolutionProperties) = preSolution
		HideSolutionNode = FALSE
	EndGlobalSection
	GlobalSection(ExtensibilityGlobals) = postSolution
		SolutionGuid = {D059E425-E2C3-4207-84FF-D7944E8C63FC}
	EndGlobalSection
EndGlobal
